# This file was autogenerated by Stack.
# You should not edit this file by hand.
# For more information, please see the documentation at:
#   https://docs.haskellstack.org/en/stable/lock_files

packages: []
snapshots:
- completed:
    size: 422535
    url: https://raw.githubusercontent.com/commercialhaskell/stackage-snapshots/master/lts/7/13.yaml
    sha256: bc09b64965ceeb4f9b148bd32c478b0ac0a3443542f5d6b406c6c82ce96c105b
  original: lts-7.13
